
Microsoft Visual Studio Solution File, Format Version 12.00
# Visual Studio Version 17
VisualStudioVersion = 17.4.33213.308
MinimumVisualStudioVersion = 10.0.40219.1
Project("{9A19103F-16F7-4668-BE54-9A1E7A4F7556}") = "Mc2.CrudTest.Core", "Mc2.CrudTest.Core\Mc2.CrudTest.Core.csproj", "{3E6B2D1B-13B1-45E7-B181-09B14BC1854C}"
EndProject
Project("{9A19103F-16F7-4668-BE54-9A1E7A4F7556}") = "Mc2.CrudTest.Infrastructure", "Mc2.CrudTest.Infrastructure\Mc2.CrudTest.Infrastructure.csproj", "{3952C9E4-AA58-4FB5-827A-806891D058ED}"
EndProject
Project("{9A19103F-16F7-4668-BE54-9A1E7A4F7556}") = "Mc2.CrudTest.Api", "Mc2.CrudTest.Api\Mc2.CrudTest.Api.csproj", "{813189A7-CBE0-4246-B55C-C59D57ED32F5}"
EndProject
Project("{FAE04EC0-301F-11D3-BF4B-00C04F79EFBC}") = "Mc2.CrudTest.Domain", "Mc2.CrudTest.Domain\Mc2.CrudTest.Domain.csproj", "{849F4EC4-9D47-455A-862B-EC161B9B51D0}"
EndProject
Global
	GlobalSection(SolutionConfigurationPlatforms) = preSolution
		Debug|Any CPU = Debug|Any CPU
		Release|Any CPU = Release|Any CPU
	EndGlobalSection
	GlobalSection(ProjectConfigurationPlatforms) = postSolution
		{3E6B2D1B-13B1-45E7-B181-09B14BC1854C}.Debug|Any CPU.ActiveCfg = Debug|Any CPU
		{3E6B2D1B-13B1-45E7-B181-09B14BC1854C}.Debug|Any CPU.Build.0 = Debug|Any CPU
		{3E6B2D1B-13B1-45E7-B181-09B14BC1854C}.Release|Any CPU.ActiveCfg = Release|Any CPU
		{3E6B2D1B-13B1-45E7-B181-09B14BC1854C}.Release|Any CPU.Build.0 = Release|Any CPU
		{3952C9E4-AA58-4FB5-827A-806891D058ED}.Debug|Any CPU.ActiveCfg = Debug|Any CPU
		{3952C9E4-AA58-4FB5-827A-806891D058ED}.Debug|Any CPU.Build.0 = Debug|Any CPU
		{3952C9E4-AA58-4FB5-827A-806891D058ED}.Release|Any CPU.ActiveCfg = Release|Any CPU
		{3952C9E4-AA58-4FB5-827A-806891D058ED}.Release|Any CPU.Build.0 = Release|Any CPU
		{813189A7-CBE0-4246-B55C-C59D57ED32F5}.Debug|Any CPU.ActiveCfg = Debug|Any CPU
		{813189A7-CBE0-4246-B55C-C59D57ED32F5}.Debug|Any CPU.Build.0 = Debug|Any CPU
		{813189A7-CBE0-4246-B55C-C59D57ED32F5}.Release|Any CPU.ActiveCfg = Release|Any CPU
		{813189A7-CBE0-4246-B55C-C59D57ED32F5}.Release|Any CPU.Build.0 = Release|Any CPU
		{849F4EC4-9D47-455A-862B-EC161B9B51D0}.Debug|Any CPU.ActiveCfg = Debug|Any CPU
		{849F4EC4-9D47-455A-862B-EC161B9B51D0}.Debug|Any CPU.Build.0 = Debug|Any CPU
		{849F4EC4-9D47-455A-862B-EC161B9B51D0}.Release|Any CPU.ActiveCfg = Release|Any CPU
		{849F4EC4-9D47-455A-862B-EC161B9B51D0}.Release|Any CPU.Build.0 = Release|Any CPU
	EndGlobalSection
	GlobalSection(SolutionProperties) = preSolution
		HideSolutionNode = FALSE
	EndGlobalSection
	GlobalSection(ExtensibilityGlobals) = postSolution
		SolutionGuid = {4B5A26C9-68C1-49D9-9F32-AF907A1730C2}
	EndGlobalSection
EndGlobal
